
Microsoft Visual Studio Solution File, Format Version 12.00
# Visual Studio Version 17
VisualStudioVersion = 17.0.31903.59
MinimumVisualStudioVersion = 10.0.40219.1
Project("{2150E333-8FDC-42A3-9474-1A3956D46DE8}") = "src", "src", "{9BC0EF0E-7BA0-4558-9A5B-DC2E54462D48}"
EndProject
Project("{FAE04EC0-301F-11D3-BF4B-00C04F79EFBC}") = "MarcelSimma", "src\MarcelSimma\MarcelSimma.csproj", "{229EF405-E5F7-4C17-BAC8-46802072D839}"
EndProject
Project("{FAE04EC0-301F-11D3-BF4B-00C04F79EFBC}") = "JulianMatt", "src\JulianMatt\JulianMatt.csproj", "{7D717CDA-9DD5-4532-9C4B-340FD15F0015}"
EndProject
Project("{FAE04EC0-301F-11D3-BF4B-00C04F79EFBC}") = "LiaLouiseNatter", "src\LiaLouiseNatter\LiaLouiseNatter.csproj", "{7EFC6FFB-9050-4FDE-977C-44547A7FA064}"
EndProject
Project("{FAE04EC0-301F-11D3-BF4B-00C04F79EFBC}") = "KerimAlkis", "src\KerimAlkis\KerimAlkis.csproj", "{D1F67F39-CFF1-490F-83D4-84130CA0FA6B}"
EndProject
Project("{FAE04EC0-301F-11D3-BF4B-00C04F79EFBC}") = "KatjaHaemmerli", "src\KatjaHaemmerli\KatjaHaemmerli.csproj", "{3D6C7042-1593-4D0D-93DB-F169D3E81C61}"
EndProject
Project("{FAE04EC0-301F-11D3-BF4B-00C04F79EFBC}") = "SelinUlutürk", "src\SelinUlutürk\SelinUlutürk.csproj", "{1F03EA7C-8E4D-4852-80D2-7A22B5E7C404}"
EndProject
Project("{FAE04EC0-301F-11D3-BF4B-00C04F79EFBC}") = "SabrinaFeurstein", "src\SabrinaFeurstein\SabrinaFeurstein.csproj", "{C1E408F7-A086-4721-BB39-DC57B1575D8C}"
EndProject
Project("{FAE04EC0-301F-11D3-BF4B-00C04F79EFBC}") = "SheilaMayJaro", "src\SheilaMayJaro\SheilaMayJaro.csproj", "{DC5D5268-480F-432B-8F22-5BB9FDC7B80E}"
EndProject
Project("{FAE04EC0-301F-11D3-BF4B-00C04F79EFBC}") = "LauraKatharinaBertsch", "src\LauraKatharinaBertsch\LauraKatharinaBertsch.csproj", "{371BFFDD-5EDE-4905-8948-F1D8AECAAF17}"
EndProject
Project("{FAE04EC0-301F-11D3-BF4B-00C04F79EFBC}") = "JonaSchnell", "src\JonaSchnell\JonaSchnell.csproj", "{C0B5255B-F1B3-4C4C-91D8-0471A4B24B29}"
EndProject
Project("{FAE04EC0-301F-11D3-BF4B-00C04F79EFBC}") = "NoahHois", "src\NoahHois\NoahHois.csproj", "{18666FBB-305E-40CB-866D-7010AD1E77D0}"
EndProject
Project("{FAE04EC0-301F-11D3-BF4B-00C04F79EFBC}") = "SashaLeonardoMattes", "src\SashaLeonardoMattes\SashaLeonardoMattes.csproj", "{D1CD5E12-DE6D-4828-93DA-BE891B12BF11}"
EndProject
Project("{FAE04EC0-301F-11D3-BF4B-00C04F79EFBC}") = "OliverBedogg", "src\OliverBedogg\OliverBedogg.csproj", "{F4217EFE-7233-495D-839B-65B4BC16923F}"
EndProject
Global
	GlobalSection(SolutionConfigurationPlatforms) = preSolution
		Debug|Any CPU = Debug|Any CPU
		Release|Any CPU = Release|Any CPU
	EndGlobalSection
	GlobalSection(SolutionProperties) = preSolution
		HideSolutionNode = FALSE
	EndGlobalSection
	GlobalSection(ProjectConfigurationPlatforms) = postSolution
		{229EF405-E5F7-4C17-BAC8-46802072D839}.Debug|Any CPU.ActiveCfg = Debug|Any CPU
		{229EF405-E5F7-4C17-BAC8-46802072D839}.Debug|Any CPU.Build.0 = Debug|Any CPU
		{229EF405-E5F7-4C17-BAC8-46802072D839}.Release|Any CPU.ActiveCfg = Release|Any CPU
		{229EF405-E5F7-4C17-BAC8-46802072D839}.Release|Any CPU.Build.0 = Release|Any CPU
		{7D717CDA-9DD5-4532-9C4B-340FD15F0015}.Debug|Any CPU.ActiveCfg = Debug|Any CPU
		{7D717CDA-9DD5-4532-9C4B-340FD15F0015}.Debug|Any CPU.Build.0 = Debug|Any CPU
		{7D717CDA-9DD5-4532-9C4B-340FD15F0015}.Release|Any CPU.ActiveCfg = Release|Any CPU
		{7D717CDA-9DD5-4532-9C4B-340FD15F0015}.Release|Any CPU.Build.0 = Release|Any CPU
		{7EFC6FFB-9050-4FDE-977C-44547A7FA064}.Debug|Any CPU.ActiveCfg = Debug|Any CPU
		{7EFC6FFB-9050-4FDE-977C-44547A7FA064}.Debug|Any CPU.Build.0 = Debug|Any CPU
		{7EFC6FFB-9050-4FDE-977C-44547A7FA064}.Release|Any CPU.ActiveCfg = Release|Any CPU
		{7EFC6FFB-9050-4FDE-977C-44547A7FA064}.Release|Any CPU.Build.0 = Release|Any CPU
		{D1F67F39-CFF1-490F-83D4-84130CA0FA6B}.Debug|Any CPU.ActiveCfg = Debug|Any CPU
		{D1F67F39-CFF1-490F-83D4-84130CA0FA6B}.Debug|Any CPU.Build.0 = Debug|Any CPU
		{D1F67F39-CFF1-490F-83D4-84130CA0FA6B}.Release|Any CPU.ActiveCfg = Release|Any CPU
		{D1F67F39-CFF1-490F-83D4-84130CA0FA6B}.Release|Any CPU.Build.0 = Release|Any CPU
		{3D6C7042-1593-4D0D-93DB-F169D3E81C61}.Debug|Any CPU.ActiveCfg = Debug|Any CPU
		{3D6C7042-1593-4D0D-93DB-F169D3E81C61}.Debug|Any CPU.Build.0 = Debug|Any CPU
		{3D6C7042-1593-4D0D-93DB-F169D3E81C61}.Release|Any CPU.ActiveCfg = Release|Any CPU
		{3D6C7042-1593-4D0D-93DB-F169D3E81C61}.Release|Any CPU.Build.0 = Release|Any CPU
		{1F03EA7C-8E4D-4852-80D2-7A22B5E7C404}.Debug|Any CPU.ActiveCfg = Debug|Any CPU
		{1F03EA7C-8E4D-4852-80D2-7A22B5E7C404}.Debug|Any CPU.Build.0 = Debug|Any CPU
		{1F03EA7C-8E4D-4852-80D2-7A22B5E7C404}.Release|Any CPU.ActiveCfg = Release|Any CPU
		{1F03EA7C-8E4D-4852-80D2-7A22B5E7C404}.Release|Any CPU.Build.0 = Release|Any CPU
		{C1E408F7-A086-4721-BB39-DC57B1575D8C}.Debug|Any CPU.ActiveCfg = Debug|Any CPU
		{C1E408F7-A086-4721-BB39-DC57B1575D8C}.Debug|Any CPU.Build.0 = Debug|Any CPU
		{C1E408F7-A086-4721-BB39-DC57B1575D8C}.Release|Any CPU.ActiveCfg = Release|Any CPU
		{C1E408F7-A086-4721-BB39-DC57B1575D8C}.Release|Any CPU.Build.0 = Release|Any CPU
		{DC5D5268-480F-432B-8F22-5BB9FDC7B80E}.Debug|Any CPU.ActiveCfg = Debug|Any CPU
		{DC5D5268-480F-432B-8F22-5BB9FDC7B80E}.Debug|Any CPU.Build.0 = Debug|Any CPU
		{DC5D5268-480F-432B-8F22-5BB9FDC7B80E}.Release|Any CPU.ActiveCfg = Release|Any CPU
		{DC5D5268-480F-432B-8F22-5BB9FDC7B80E}.Release|Any CPU.Build.0 = Release|Any CPU
		{371BFFDD-5EDE-4905-8948-F1D8AECAAF17}.Debug|Any CPU.ActiveCfg = Debug|Any CPU
		{371BFFDD-5EDE-4905-8948-F1D8AECAAF17}.Debug|Any CPU.Build.0 = Debug|Any CPU
		{371BFFDD-5EDE-4905-8948-F1D8AECAAF17}.Release|Any CPU.ActiveCfg = Release|Any CPU
		{371BFFDD-5EDE-4905-8948-F1D8AECAAF17}.Release|Any CPU.Build.0 = Release|Any CPU
		{C0B5255B-F1B3-4C4C-91D8-0471A4B24B29}.Debug|Any CPU.ActiveCfg = Debug|Any CPU
		{C0B5255B-F1B3-4C4C-91D8-0471A4B24B29}.Debug|Any CPU.Build.0 = Debug|Any CPU
		{C0B5255B-F1B3-4C4C-91D8-0471A4B24B29}.Release|Any CPU.ActiveCfg = Release|Any CPU
		{C0B5255B-F1B3-4C4C-91D8-0471A4B24B29}.Release|Any CPU.Build.0 = Release|Any CPU
		{18666FBB-305E-40CB-866D-7010AD1E77D0}.Debug|Any CPU.ActiveCfg = Debug|Any CPU
		{18666FBB-305E-40CB-866D-7010AD1E77D0}.Debug|Any CPU.Build.0 = Debug|Any CPU
		{18666FBB-305E-40CB-866D-7010AD1E77D0}.Release|Any CPU.ActiveCfg = Release|Any CPU
		{18666FBB-305E-40CB-866D-7010AD1E77D0}.Release|Any CPU.Build.0 = Release|Any CPU
		{D1CD5E12-DE6D-4828-93DA-BE891B12BF11}.Debug|Any CPU.ActiveCfg = Debug|Any CPU
		{D1CD5E12-DE6D-4828-93DA-BE891B12BF11}.Debug|Any CPU.Build.0 = Debug|Any CPU
		{D1CD5E12-DE6D-4828-93DA-BE891B12BF11}.Release|Any CPU.ActiveCfg = Release|Any CPU
		{D1CD5E12-DE6D-4828-93DA-BE891B12BF11}.Release|Any CPU.Build.0 = Release|Any CPU
		{F4217EFE-7233-495D-839B-65B4BC16923F}.Debug|Any CPU.ActiveCfg = Debug|Any CPU
		{F4217EFE-7233-495D-839B-65B4BC16923F}.Debug|Any CPU.Build.0 = Debug|Any CPU
		{F4217EFE-7233-495D-839B-65B4BC16923F}.Release|Any CPU.ActiveCfg = Release|Any CPU
		{F4217EFE-7233-495D-839B-65B4BC16923F}.Release|Any CPU.Build.0 = Release|Any CPU
	EndGlobalSection
	GlobalSection(NestedProjects) = preSolution
		{229EF405-E5F7-4C17-BAC8-46802072D839} = {9BC0EF0E-7BA0-4558-9A5B-DC2E54462D48}
		{7D717CDA-9DD5-4532-9C4B-340FD15F0015} = {9BC0EF0E-7BA0-4558-9A5B-DC2E54462D48}
		{7EFC6FFB-9050-4FDE-977C-44547A7FA064} = {9BC0EF0E-7BA0-4558-9A5B-DC2E54462D48}
		{D1F67F39-CFF1-490F-83D4-84130CA0FA6B} = {9BC0EF0E-7BA0-4558-9A5B-DC2E54462D48}
		{3D6C7042-1593-4D0D-93DB-F169D3E81C61} = {9BC0EF0E-7BA0-4558-9A5B-DC2E54462D48}
		{1F03EA7C-8E4D-4852-80D2-7A22B5E7C404} = {9BC0EF0E-7BA0-4558-9A5B-DC2E54462D48}
		{C1E408F7-A086-4721-BB39-DC57B1575D8C} = {9BC0EF0E-7BA0-4558-9A5B-DC2E54462D48}
		{DC5D5268-480F-432B-8F22-5BB9FDC7B80E} = {9BC0EF0E-7BA0-4558-9A5B-DC2E54462D48}
		{371BFFDD-5EDE-4905-8948-F1D8AECAAF17} = {9BC0EF0E-7BA0-4558-9A5B-DC2E54462D48}
		{C0B5255B-F1B3-4C4C-91D8-0471A4B24B29} = {9BC0EF0E-7BA0-4558-9A5B-DC2E54462D48}
		{18666FBB-305E-40CB-866D-7010AD1E77D0} = {9BC0EF0E-7BA0-4558-9A5B-DC2E54462D48}
		{D1CD5E12-DE6D-4828-93DA-BE891B12BF11} = {9BC0EF0E-7BA0-4558-9A5B-DC2E54462D48}
		{F4217EFE-7233-495D-839B-65B4BC16923F} = {9BC0EF0E-7BA0-4558-9A5B-DC2E54462D48}
	EndGlobalSection
EndGlobal
