Microsoft Visual Studio Solution File, Format Version 12.00
# Visual Studio Version 17
VisualStudioVersion = 17.5.2.0
MinimumVisualStudioVersion = 10.0.40219.1
Project("{FAE04EC0-301F-11D3-BF4B-00C04F79EFBC}") = "JonaSchnell", "JonaSchnell.csproj", "{BBCFDDEC-957D-01FC-FC0A-9E3F06853C10}"
EndProject
Global
	GlobalSection(SolutionConfigurationPlatforms) = preSolution
		Debug|Any CPU = Debug|Any CPU
		Release|Any CPU = Release|Any CPU
	EndGlobalSection
	GlobalSection(ProjectConfigurationPlatforms) = postSolution
		{BBCFDDEC-957D-01FC-FC0A-9E3F06853C10}.Debug|Any CPU.ActiveCfg = Debug|Any CPU
		{BBCFDDEC-957D-01FC-FC0A-9E3F06853C10}.Debug|Any CPU.Build.0 = Debug|Any CPU
		{BBCFDDEC-957D-01FC-FC0A-9E3F06853C10}.Release|Any CPU.ActiveCfg = Release|Any CPU
		{BBCFDDEC-957D-01FC-FC0A-9E3F06853C10}.Release|Any CPU.Build.0 = Release|Any CPU
	EndGlobalSection
	GlobalSection(SolutionProperties) = preSolution
		HideSolutionNode = FALSE
	EndGlobalSection
	GlobalSection(ExtensibilityGlobals) = postSolution
		SolutionGuid = {3C289FD0-B5ED-4448-B2B4-87AC97684768}
	EndGlobalSection
EndGlobal
