Microsoft Visual Studio Solution File, Format Version 12.00
# Visual Studio Version 17
VisualStudioVersion = 17.5.2.0
MinimumVisualStudioVersion = 10.0.40219.1
Project("{FAE04EC0-301F-11D3-BF4B-00C04F79EFBC}") = "KatjaHaemmerli", "KatjaHaemmerli.csproj", "{EEF0E349-B057-3E38-A338-E5DA1A3CBAF1}"
EndProject
Global
	GlobalSection(SolutionConfigurationPlatforms) = preSolution
		Debug|Any CPU = Debug|Any CPU
		Release|Any CPU = Release|Any CPU
	EndGlobalSection
	GlobalSection(ProjectConfigurationPlatforms) = postSolution
		{EEF0E349-B057-3E38-A338-E5DA1A3CBAF1}.Debug|Any CPU.ActiveCfg = Debug|Any CPU
		{EEF0E349-B057-3E38-A338-E5DA1A3CBAF1}.Debug|Any CPU.Build.0 = Debug|Any CPU
		{EEF0E349-B057-3E38-A338-E5DA1A3CBAF1}.Release|Any CPU.ActiveCfg = Release|Any CPU
		{EEF0E349-B057-3E38-A338-E5DA1A3CBAF1}.Release|Any CPU.Build.0 = Release|Any CPU
	EndGlobalSection
	GlobalSection(SolutionProperties) = preSolution
		HideSolutionNode = FALSE
	EndGlobalSection
	GlobalSection(ExtensibilityGlobals) = postSolution
		SolutionGuid = {9C42B6EC-653A-436E-BAD5-E8F9D716F3E2}
	EndGlobalSection
EndGlobal
